# This file is automatically @generated by Poetry 2.1.4 and should not be changed by hand.

[[package]]
name = "bottle"
version = "0.13.4"
description = "Fast and simple WSGI-framework for small web-applications."
optional = false
python-versions = "*"
groups = ["main"]
files = [
    {file = "bottle-0.13.4-py2.py3-none-any.whl", hash = "sha256:045684fbd2764eac9cdeb824861d1551d113e8b683d8d26e296898d3dd99a12e"},
    {file = "bottle-0.13.4.tar.gz", hash = "sha256:787e78327e12b227938de02248333d788cfe45987edca735f8f88e03472c3f47"},
]

[[package]]
name = "neo4j"
version = "6.0.3"
description = "Neo4j Bolt driver for Python"
optional = false
python-versions = ">=3.10"
groups = ["main"]
files = [
    {file = "neo4j-6.0.3-py3-none-any.whl", hash = "sha256:a92023854da96aed4270e0d03d6429cdd7f0d3335eae977370934f4732de5678"},
    {file = "neo4j-6.0.3.tar.gz", hash = "sha256:7fb79e166e281aafd67d521f6611763ebcdc529f26db506c5605f91ddcd825ea"},
]

[package.dependencies]
pytz = "*"

[package.extras]
numpy = ["numpy (>=1.21.2,<3.0.0)"]
pandas = ["numpy (>=1.21.2,<3.0.0)", "pandas (>=1.1.0,<3.0.0)"]
pyarrow = ["pyarrow (>=6.0.0,<23.0.0)"]

[[package]]
name = "pytz"
version = "2025.2"
description = "World timezone definitions, modern and historical"
optional = false
python-versions = "*"
groups = ["main"]
files = [
    {file = "pytz-2025.2-py2.py3-none-any.whl", hash = "sha256:5ddf76296dd8c44c26eb8f4b6f35488f3ccbf6fbbd7adee0b7262d43f0ec2f00"},
    {file = "pytz-2025.2.tar.gz", hash = "sha256:360b9e3dbb49a209c21ad61809c7fb453643e048b38924c765813546746e81c3"},
]

[metadata]
lock-version = "2.1"
python-versions = ">=3.13"
content-hash = "d1fe6a4166be65878bbf592ae8319832d69cdf10f59e023d0bd5e10396fbcf41"
